
Microsoft Visual Studio Solution File, Format Version 12.00
# Visual Studio Version 17
VisualStudioVersion = 17.11.35327.3
MinimumVisualStudioVersion = 10.0.40219.1
Project("{FAE04EC0-301F-11D3-BF4B-00C04F79EFBC}") = "Hebrews Coffee", "Hebrews Coffee\Hebrews Coffee.csproj", "{2771970E-A25A-43D1-AC55-52195F779F50}"
EndProject
Global
	GlobalSection(SolutionConfigurationPlatforms) = preSolution
		Debug|Any CPU = Debug|Any CPU
		Release|Any CPU = Release|Any CPU
	EndGlobalSection
	GlobalSection(ProjectConfigurationPlatforms) = postSolution
		{2771970E-A25A-43D1-AC55-52195F779F50}.Debug|Any CPU.ActiveCfg = Debug|Any CPU
		{2771970E-A25A-43D1-AC55-52195F779F50}.Debug|Any CPU.Build.0 = Debug|Any CPU
		{2771970E-A25A-43D1-AC55-52195F779F50}.Release|Any CPU.ActiveCfg = Release|Any CPU
		{2771970E-A25A-43D1-AC55-52195F779F50}.Release|Any CPU.Build.0 = Release|Any CPU
	EndGlobalSection
	GlobalSection(SolutionProperties) = preSolution
		HideSolutionNode = FALSE
	EndGlobalSection
	GlobalSection(ExtensibilityGlobals) = postSolution
		SolutionGuid = {120D6D2C-B809-4162-BC3D-7E0C23DFD572}
	EndGlobalSection
EndGlobal
